
Microsoft Visual Studio Solution File, Format Version 12.00
# Visual Studio Version 16
VisualStudioVersion = 16.0.31105.61
MinimumVisualStudioVersion = 10.0.40219.1
Project("{9A19103F-16F7-4668-BE54-9A1E7A4F7556}") = "Apka_NET", "Apka_NET.csproj", "{A82FE68F-4266-4993-9013-C8EB87AD724E}"
EndProject
Global
	GlobalSection(SolutionConfigurationPlatforms) = preSolution
		Debug|Any CPU = Debug|Any CPU
		Release|Any CPU = Release|Any CPU
	EndGlobalSection
	GlobalSection(ProjectConfigurationPlatforms) = postSolution
		{A82FE68F-4266-4993-9013-C8EB87AD724E}.Debug|Any CPU.ActiveCfg = Debug|Any CPU
		{A82FE68F-4266-4993-9013-C8EB87AD724E}.Debug|Any CPU.Build.0 = Debug|Any CPU
		{A82FE68F-4266-4993-9013-C8EB87AD724E}.Release|Any CPU.ActiveCfg = Release|Any CPU
		{A82FE68F-4266-4993-9013-C8EB87AD724E}.Release|Any CPU.Build.0 = Release|Any CPU
	EndGlobalSection
	GlobalSection(SolutionProperties) = preSolution
		HideSolutionNode = FALSE
	EndGlobalSection
	GlobalSection(ExtensibilityGlobals) = postSolution
		SolutionGuid = {FCAD2712-0A13-4871-8BEE-50602F14DCB9}
	EndGlobalSection
EndGlobal
